
Microsoft Visual Studio Solution File, Format Version 11.00
# Visual Studio 2010
Project("{FAE04EC0-301F-11D3-BF4B-00C04F79EFBC}") = "MvcEmpty", "MvcEmpty\MvcEmpty.csproj", "{D09F020A-BC4E-462C-8033-C5FF60A8ADEF}"
EndProject
Project("{FAE04EC0-301F-11D3-BF4B-00C04F79EFBC}") = "MvcEmpty.Tests", "MvcEmpty.Tests\MvcEmpty.Tests.csproj", "{708C06B1-28F3-4482-AD46-22FDD1AF36B1}"
EndProject
Global
	GlobalSection(SolutionConfigurationPlatforms) = preSolution
		Debug|Any CPU = Debug|Any CPU
		Release|Any CPU = Release|Any CPU
	EndGlobalSection
	GlobalSection(ProjectConfigurationPlatforms) = postSolution
		{D09F020A-BC4E-462C-8033-C5FF60A8ADEF}.Debug|Any CPU.ActiveCfg = Debug|Any CPU
		{D09F020A-BC4E-462C-8033-C5FF60A8ADEF}.Debug|Any CPU.Build.0 = Debug|Any CPU
		{D09F020A-BC4E-462C-8033-C5FF60A8ADEF}.Release|Any CPU.ActiveCfg = Release|Any CPU
		{D09F020A-BC4E-462C-8033-C5FF60A8ADEF}.Release|Any CPU.Build.0 = Release|Any CPU
		{708C06B1-28F3-4482-AD46-22FDD1AF36B1}.Debug|Any CPU.ActiveCfg = Debug|Any CPU
		{708C06B1-28F3-4482-AD46-22FDD1AF36B1}.Debug|Any CPU.Build.0 = Debug|Any CPU
		{708C06B1-28F3-4482-AD46-22FDD1AF36B1}.Release|Any CPU.ActiveCfg = Release|Any CPU
		{708C06B1-28F3-4482-AD46-22FDD1AF36B1}.Release|Any CPU.Build.0 = Release|Any CPU
	EndGlobalSection
	GlobalSection(SolutionProperties) = preSolution
		HideSolutionNode = FALSE
	EndGlobalSection
EndGlobal
